
Microsoft Visual Studio Solution File, Format Version 12.00
# Visual Studio Version 16
VisualStudioVersion = 16.0.29911.84
MinimumVisualStudioVersion = 10.0.40219.1
Project("{8BC9CEB8-8B4A-11D0-8D11-00A0C91BC942}") = "Project_08-04", "Project_08-04\Project_08-04.vcxproj", "{E582F9FD-A494-4C89-9CCE-3AC3FC6987AD}"
EndProject
Global
	GlobalSection(SolutionConfigurationPlatforms) = preSolution
		Debug|x64 = Debug|x64
		Debug|x86 = Debug|x86
		Release|x64 = Release|x64
		Release|x86 = Release|x86
	EndGlobalSection
	GlobalSection(ProjectConfigurationPlatforms) = postSolution
		{E582F9FD-A494-4C89-9CCE-3AC3FC6987AD}.Debug|x64.ActiveCfg = Debug|x64
		{E582F9FD-A494-4C89-9CCE-3AC3FC6987AD}.Debug|x64.Build.0 = Debug|x64
		{E582F9FD-A494-4C89-9CCE-3AC3FC6987AD}.Debug|x86.ActiveCfg = Debug|Win32
		{E582F9FD-A494-4C89-9CCE-3AC3FC6987AD}.Debug|x86.Build.0 = Debug|Win32
		{E582F9FD-A494-4C89-9CCE-3AC3FC6987AD}.Release|x64.ActiveCfg = Release|x64
		{E582F9FD-A494-4C89-9CCE-3AC3FC6987AD}.Release|x64.Build.0 = Release|x64
		{E582F9FD-A494-4C89-9CCE-3AC3FC6987AD}.Release|x86.ActiveCfg = Release|Win32
		{E582F9FD-A494-4C89-9CCE-3AC3FC6987AD}.Release|x86.Build.0 = Release|Win32
	EndGlobalSection
	GlobalSection(SolutionProperties) = preSolution
		HideSolutionNode = FALSE
	EndGlobalSection
	GlobalSection(ExtensibilityGlobals) = postSolution
		SolutionGuid = {9EA1257F-EAC3-459E-A877-650839B48C32}
	EndGlobalSection
EndGlobal
